// !$*UTF8*$!
{
	archiveVersion = 1;
	classes = {
	};
	objectVersion = 46;
	objects = {

/* Begin PBXBuildFile section */
		26386CB21D5D717C00C8B1B6 /* main.m in Sources */ = {isa = PBXBuildFile; fileRef = 26386CB11D5D717C00C8B1B6 /* main.m */; };
		26386CB51D5D717C00C8B1B6 /* AppDelegate.m in Sources */ = {isa = PBXBuildFile; fileRef = 26386CB41D5D717C00C8B1B6 /* AppDelegate.m */; };
		26386CB81D5D717C00C8B1B6 /* ViewController.m in Sources */ = {isa = PBXBuildFile; fileRef = 26386CB71D5D717C00C8B1B6 /* ViewController.m */; };
		26386CBB1D5D717C00C8B1B6 /* Main.storyboard in Resources */ = {isa = PBXBuildFile; fileRef = 26386CB91D5D717C00C8B1B6 /* Main.storyboard */; };
		26386CBD1D5D717D00C8B1B6 /* Assets.xcassets in Resources */ = {isa = PBXBuildFile; fileRef = 26386CBC1D5D717C00C8B1B6 /* Assets.xcassets */; };
		26386CC01D5D717D00C8B1B6 /* LaunchScreen.storyboard in Resources */ = {isa = PBXBuildFile; fileRef = 26386CBE1D5D717D00C8B1B6 /* LaunchScreen.storyboard */; };
		26386CCB1D5D717D00C8B1B6 /* _DTouchTests.m in Sources */ = {isa = PBXBuildFile; fileRef = 26386CCA1D5D717D00C8B1B6 /* _DTouchTests.m */; };
		26386CD61D5D717D00C8B1B6 /* _DTouchUITests.m in Sources */ = {isa = PBXBuildFile; fileRef = 26386CD51D5D717D00C8B1B6 /* _DTouchUITests.m */; };
		26386CE81D5D9F4300C8B1B6 /* SKPeekViewController.m in Sources */ = {isa = PBXBuildFile; fileRef = 26386CE71D5D9F4300C8B1B6 /* SKPeekViewController.m */; };
/* End PBXBuildFile section */

/* Begin PBXContainerItemProxy section */
		26386CC71D5D717D00C8B1B6 /* PBXContainerItemProxy */ = {
			isa = PBXContainerItemProxy;
			containerPortal = 26386CA51D5D717C00C8B1B6 /* Project object */;
			proxyType = 1;
			remoteGlobalIDString = 26386CAC1D5D717C00C8B1B6;
			remoteInfo = 3DTouch;
		};
		26386CD21D5D717D00C8B1B6 /* PBXContainerItemProxy */ = {
			isa = PBXContainerItemProxy;
			containerPortal = 26386CA51D5D717C00C8B1B6 /* Project object */;
			proxyType = 1;
			remoteGlobalIDString = 26386CAC1D5D717C00C8B1B6;
			remoteInfo = 3DTouch;
		};
/* End PBXContainerItemProxy section */

/* Begin PBXFileReference section */
		26386CAD1D5D717C00C8B1B6 /* 3DTouch.app */ = {isa = PBXFileReference; explicitFileType = wrapper.application; includeInIndex = 0; path = 3DTouch.app; sourceTree = BUILT_PRODUCTS_DIR; };
		26386CB11D5D717C00C8B1B6 /* main.m */ = {isa = PBXFileReference; lastKnownFileType = sourcecode.c.objc; path = main.m; sourceTree = "<group>"; };
		26386CB31D5D717C00C8B1B6 /* AppDelegate.h */ = {isa = PBXFileReference; lastKnownFileType = sourcecode.c.h; path = AppDelegate.h; sourceTree = "<group>"; };
		26386CB41D5D717C00C8B1B6 /* AppDelegate.m */ = {isa = PBXFileReference; lastKnownFileType = sourcecode.c.objc; path = AppDelegate.m; sourceTree = "<group>"; };
		26386CB61D5D717C00C8B1B6 /* ViewController.h */ = {isa = PBXFileReference; lastKnownFileType = sourcecode.c.h; path = ViewController.h; sourceTree = "<group>"; };
		26386CB71D5D717C00C8B1B6 /* ViewController.m */ = {isa = PBXFileReference; lastKnownFileType = sourcecode.c.objc; path = ViewController.m; sourceTree = "<group>"; };
		26386CBA1D5D717C00C8B1B6 /* Base */ = {isa = PBXFileReference; lastKnownFileType = file.storyboard; name = Base; path = Base.lproj/Main.storyboard; sourceTree = "<group>"; };
		26386CBC1D5D717C00C8B1B6 /* Assets.xcassets */ = {isa = PBXFileReference; lastKnownFileType = folder.assetcatalog; path = Assets.xcassets; sourceTree = "<group>"; };
		26386CBF1D5D717D00C8B1B6 /* Base */ = {isa = PBXFileReference; lastKnownFileType = file.storyboard; name = Base; path = Base.lproj/LaunchScreen.storyboard; sourceTree = "<group>"; };
		26386CC11D5D717D00C8B1B6 /* Info.plist */ = {isa = PBXFileReference; lastKnownFileType = text.plist.xml; path = Info.plist; sourceTree = "<group>"; };
		26386CC61D5D717D00C8B1B6 /* 3DTouchTests.xctest */ = {isa = PBXFileReference; explicitFileType = wrapper.cfbundle; includeInIndex = 0; path = 3DTouchTests.xctest; sourceTree = BUILT_PRODUCTS_DIR; };
		26386CCA1D5D717D00C8B1B6 /* _DTouchTests.m */ = {isa = PBXFileReference; lastKnownFileType = sourcecode.c.objc; path = _DTouchTests.m; sourceTree = "<group>"; };
		26386CCC1D5D717D00C8B1B6 /* Info.plist */ = {isa = PBXFileReference; lastKnownFileType = text.plist.xml; path = Info.plist; sourceTree = "<group>"; };
		26386CD11D5D717D00C8B1B6 /* 3DTouchUITests.xctest */ = {isa = PBXFileReference; explicitFileType = wrapper.cfbundle; includeInIndex = 0; path = 3DTouchUITests.xctest; sourceTree = BUILT_PRODUCTS_DIR; };
		26386CD51D5D717D00C8B1B6 /* _DTouchUITests.m */ = {isa = PBXFileReference; lastKnownFileType = sourcecode.c.objc; path = _DTouchUITests.m; sourceTree = "<group>"; };
		26386CD71D5D717D00C8B1B6 /* Info.plist */ = {isa = PBXFileReference; lastKnownFileType = text.plist.xml; path = Info.plist; sourceTree = "<group>"; };
		26386CE61D5D9F4300C8B1B6 /* SKPeekViewController.h */ = {isa = PBXFileReference; fileEncoding = 4; lastKnownFileType = sourcecode.c.h; path = SKPeekViewController.h; sourceTree = "<group>"; };
		26386CE71D5D9F4300C8B1B6 /* SKPeekViewController.m */ = {isa = PBXFileReference; fileEncoding = 4; lastKnownFileType = sourcecode.c.objc; path = SKPeekViewController.m; sourceTree = "<group>"; };
/* End PBXFileReference section */

/* Begin PBXFrameworksBuildPhase section */
		26386CAA1D5D717C00C8B1B6 /* Frameworks */ = {
			isa = PBXFrameworksBuildPhase;
			buildActionMask = 2147483647;
			files = (
			);
			runOnlyForDeploymentPostprocessing = 0;
		};
		26386CC31D5D717D00C8B1B6 /* Frameworks */ = {
			isa = PBXFrameworksBuildPhase;
			buildActionMask = 2147483647;
			files = (
			);
			runOnlyForDeploymentPostprocessing = 0;
		};
		26386CCE1D5D717D00C8B1B6 /* Frameworks */ = {
			isa = PBXFrameworksBuildPhase;
			buildActionMask = 2147483647;
			files = (
			);
			runOnlyForDeploymentPostprocessing = 0;
		};
/* End PBXFrameworksBuildPhase section */

/* Begin PBXGroup section */
		26386CA41D5D717C00C8B1B6 = {
			isa = PBXGroup;
			children = (
				26386CAF1D5D717C00C8B1B6 /* 3DTouch */,
				26386CC91D5D717D00C8B1B6 /* 3DTouchTests */,
				26386CD41D5D717D00C8B1B6 /* 3DTouchUITests */,
				26386CAE1D5D717C00C8B1B6 /* Products */,
			);
			sourceTree = "<group>";
		};
		26386CAE1D5D717C00C8B1B6 /* Products */ = {
			isa = PBXGroup;
			children = (
				26386CAD1D5D717C00C8B1B6 /* 3DTouch.app */,
				26386CC61D5D717D00C8B1B6 /* 3DTouchTests.xctest */,
				26386CD11D5D717D00C8B1B6 /* 3DTouchUITests.xctest */,
			);
			name = Products;
			sourceTree = "<group>";
		};
		26386CAF1D5D717C00C8B1B6 /* 3DTouch */ = {
			isa = PBXGroup;
			children = (
				26386CB31D5D717C00C8B1B6 /* AppDelegate.h */,
				26386CB41D5D717C00C8B1B6 /* AppDelegate.m */,
				26386CB61D5D717C00C8B1B6 /* ViewController.h */,
				26386CB71D5D717C00C8B1B6 /* ViewController.m */,
				26386CE61D5D9F4300C8B1B6 /* SKPeekViewController.h */,
				26386CE71D5D9F4300C8B1B6 /* SKPeekViewController.m */,
				26386CC11D5D717D00C8B1B6 /* Info.plist */,
				26386CB01D5D717C00C8B1B6 /* Supporting Files */,
			);
			path = 3DTouch;
			sourceTree = "<group>";
		};
		26386CB01D5D717C00C8B1B6 /* Supporting Files */ = {
			isa = PBXGroup;
			children = (
				26386CBC1D5D717C00C8B1B6 /* Assets.xcassets */,
				26386CB91D5D717C00C8B1B6 /* Main.storyboard */,
				26386CBE1D5D717D00C8B1B6 /* LaunchScreen.storyboard */,
				26386CB11D5D717C00C8B1B6 /* main.m */,
			);
			name = "Supporting Files";
			sourceTree = "<group>";
		};
		26386CC91D5D717D00C8B1B6 /* 3DTouchTests */ = {
			isa = PBXGroup;
			children = (
				26386CCA1D5D717D00C8B1B6 /* _DTouchTests.m */,
				26386CCC1D5D717D00C8B1B6 /* Info.plist */,
			);
			path = 3DTouchTests;
			sourceTree = "<group>";
		};
		26386CD41D5D717D00C8B1B6 /* 3DTouchUITests */ = {
			isa = PBXGroup;
			children = (
				26386CD51D5D717D00C8B1B6 /* _DTouchUITests.m */,
				26386CD71D5D717D00C8B1B6 /* Info.plist */,
			);
			path = 3DTouchUITests;
			sourceTree = "<group>";
		};
/* End PBXGroup section */

/* Begin PBXNativeTarget section */
		26386CAC1D5D717C00C8B1B6 /* 3DTouch */ = {
			isa = PBXNativeTarget;
			buildConfigurationList = 26386CDA1D5D717D00C8B1B6 /* Build configuration list for PBXNativeTarget "3DTouch" */;
			buildPhases = (
				26386CA91D5D717C00C8B1B6 /* Sources */,
				26386CAA1D5D717C00C8B1B6 /* Frameworks */,
				26386CAB1D5D717C00C8B1B6 /* Resources */,
			);
			buildRules = (
			);
			dependencies = (
			);
			name = 3DTouch;
			productName = 3DTouch;
			productReference = 26386CAD1D5D717C00C8B1B6 /* 3DTouch.app */;
			productType = "com.apple.product-type.application";
		};
		26386CC51D5D717D00C8B1B6 /* 3DTouchTests */ = {
			isa = PBXNativeTarget;
			buildConfigurationList = 26386CDD1D5D717D00C8B1B6 /* Build configuration list for PBXNativeTarget "3DTouchTests" */;
			buildPhases = (
				26386CC21D5D717D00C8B1B6 /* Sources */,
				26386CC31D5D717D00C8B1B6 /* Frameworks */,
				26386CC41D5D717D00C8B1B6 /* Resources */,
			);
			buildRules = (
			);
			dependencies = (
				26386CC81D5D717D00C8B1B6 /* PBXTargetDependency */,
			);
			name = 3DTouchTests;
			productName = 3DTouchTests;
			productReference = 26386CC61D5D717D00C8B1B6 /* 3DTouchTests.xctest */;
			productType = "com.apple.product-type.bundle.unit-test";
		};
		26386CD01D5D717D00C8B1B6 /* 3DTouchUITests */ = {
			isa = PBXNativeTarget;
			buildConfigurationList = 26386CE01D5D717D00C8B1B6 /* Build configuration list for PBXNativeTarget "3DTouchUITests" */;
			buildPhases = (
				26386CCD1D5D717D00C8B1B6 /* Sources */,
				26386CCE1D5D717D00C8B1B6 /* Frameworks */,
				26386CCF1D5D717D00C8B1B6 /* Resources */,
			);
			buildRules = (
			);
			dependencies = (
				26386CD31D5D717D00C8B1B6 /* PBXTargetDependency */,
			);
			name = 3DTouchUITests;
			productName = 3DTouchUITests;
			productReference = 26386CD11D5D717D00C8B1B6 /* 3DTouchUITests.xctest */;
			productType = "com.apple.product-type.bundle.ui-testing";
		};
/* End PBXNativeTarget section */

/* Begin PBXProject section */
		26386CA51D5D717C00C8B1B6 /* Project object */ = {
			isa = PBXProject;
			attributes = {
				LastUpgradeCheck = 0720;
				ORGANIZATIONNAME = saikr;
				TargetAttributes = {
					26386CAC1D5D717C00C8B1B6 = {
						CreatedOnToolsVersion = 7.2;
					};
					26386CC51D5D717D00C8B1B6 = {
						CreatedOnToolsVersion = 7.2;
						TestTargetID = 26386CAC1D5D717C00C8B1B6;
					};
					26386CD01D5D717D00C8B1B6 = {
						CreatedOnToolsVersion = 7.2;
						TestTargetID = 26386CAC1D5D717C00C8B1B6;
					};
				};
			};
			buildConfigurationList = 26386CA81D5D717C00C8B1B6 /* Build configuration list for PBXProject "3DTouch" */;
			compatibilityVersion = "Xcode 3.2";
			developmentRegion = English;
			hasScannedForEncodings = 0;
			knownRegions = (
				en,
				Base,
			);
			mainGroup = 26386CA41D5D717C00C8B1B6;
			productRefGroup = 26386CAE1D5D717C00C8B1B6 /* Products */;
			projectDirPath = "";
			projectRoot = "";
			targets = (
				26386CAC1D5D717C00C8B1B6 /* 3DTouch */,
				26386CC51D5D717D00C8B1B6 /* 3DTouchTests */,
				26386CD01D5D717D00C8B1B6 /* 3DTouchUITests */,
			);
		};
/* End PBXProject section */

/* Begin PBXResourcesBuildPhase section */
		26386CAB1D5D717C00C8B1B6 /* Resources */ = {
			isa = PBXResourcesBuildPhase;
			buildActionMask = 2147483647;
			files = (
				26386CC01D5D717D00C8B1B6 /* LaunchScreen.storyboard in Resources */,
				26386CBD1D5D717D00C8B1B6 /* Assets.xcassets in Resources */,
				26386CBB1D5D717C00C8B1B6 /* Main.storyboard in Resources */,
			);
			runOnlyForDeploymentPostprocessing = 0;
		};
		26386CC41D5D717D00C8B1B6 /* Resources */ = {
			isa = PBXResourcesBuildPhase;
			buildActionMask = 2147483647;
			files = (
			);
			runOnlyForDeploymentPostprocessing = 0;
		};
		26386CCF1D5D717D00C8B1B6 /* Resources */ = {
			isa = PBXResourcesBuildPhase;
			buildActionMask = 2147483647;
			files = (
			);
			runOnlyForDeploymentPostprocessing = 0;
		};
/* End PBXResourcesBuildPhase section */

/* Begin PBXSourcesBuildPhase section */
		26386CA91D5D717C00C8B1B6 /* Sources */ = {
			isa = PBXSourcesBuildPhase;
			buildActionMask = 2147483647;
			files = (
				26386CB81D5D717C00C8B1B6 /* ViewController.m in Sources */,
				26386CB51D5D717C00C8B1B6 /* AppDelegate.m in Sources */,
				26386CB21D5D717C00C8B1B6 /* main.m in Sources */,
				26386CE81D5D9F4300C8B1B6 /* SKPeekViewController.m in Sources */,
			);
			runOnlyForDeploymentPostprocessing = 0;
		};
		26386CC21D5D717D00C8B1B6 /* Sources */ = {
			isa = PBXSourcesBuildPhase;
			buildActionMask = 2147483647;
			files = (
				26386CCB1D5D717D00C8B1B6 /* _DTouchTests.m in Sources */,
			);
			runOnlyForDeploymentPostprocessing = 0;
		};
		26386CCD1D5D717D00C8B1B6 /* Sources */ = {
			isa = PBXSourcesBuildPhase;
			buildActionMask = 2147483647;
			files = (
				26386CD61D5D717D00C8B1B6 /* _DTouchUITests.m in Sources */,
			);
			runOnlyForDeploymentPostprocessing = 0;
		};
/* End PBXSourcesBuildPhase section */

/* Begin PBXTargetDependency section */
		26386CC81D5D717D00C8B1B6 /* PBXTargetDependency */ = {
			isa = PBXTargetDependency;
			target = 26386CAC1D5D717C00C8B1B6 /* 3DTouch */;
			targetProxy = 26386CC71D5D717D00C8B1B6 /* PBXContainerItemProxy */;
		};
		26386CD31D5D717D00C8B1B6 /* PBXTargetDependency */ = {
			isa = PBXTargetDependency;
			target = 26386CAC1D5D717C00C8B1B6 /* 3DTouch */;
			targetProxy = 26386CD21D5D717D00C8B1B6 /* PBXContainerItemProxy */;
		};
/* End PBXTargetDependency section */

/* Begin PBXVariantGroup section */
		26386CB91D5D717C00C8B1B6 /* Main.storyboard */ = {
			isa = PBXVariantGroup;
			children = (
				26386CBA1D5D717C00C8B1B6 /* Base */,
			);
			name = Main.storyboard;
			sourceTree = "<group>";
		};
		26386CBE1D5D717D00C8B1B6 /* LaunchScreen.storyboard */ = {
			isa = PBXVariantGroup;
			children = (
				26386CBF1D5D717D00C8B1B6 /* Base */,
			);
			name = LaunchScreen.storyboard;
			sourceTree = "<group>";
		};
/* End PBXVariantGroup section */

/* Begin XCBuildConfiguration section */
		26386CD81D5D717D00C8B1B6 /* Debug */ = {
			isa = XCBuildConfiguration;
			buildSettings = {
				ALWAYS_SEARCH_USER_PATHS = NO;
				CLANG_CXX_LANGUAGE_STANDARD = "gnu++0x";
				CLANG_CXX_LIBRARY = "libc++";
				CLANG_ENABLE_MODULES = YES;
				CLANG_ENABLE_OBJC_ARC = YES;
				CLANG_WARN_BOOL_CONVERSION = YES;
				CLANG_WARN_CONSTANT_CONVERSION = YES;
				CLANG_WARN_DIRECT_OBJC_ISA_USAGE = YES_ERROR;
				CLANG_WARN_EMPTY_BODY = YES;
				CLANG_WARN_ENUM_CONVERSION = YES;
				CLANG_WARN_INT_CONVERSION = YES;
				CLANG_WARN_OBJC_ROOT_CLASS = YES_ERROR;
				CLANG_WARN_UNREACHABLE_CODE = YES;
				CLANG_WARN__DUPLICATE_METHOD_MATCH = YES;
				"CODE_SIGN_IDENTITY[sdk=iphoneos*]" = "iPhone Developer";
				COPY_PHASE_STRIP = NO;
				DEBUG_INFORMATION_FORMAT = dwarf;
				ENABLE_STRICT_OBJC_MSGSEND = YES;
				ENABLE_TESTABILITY = YES;
				GCC_C_LANGUAGE_STANDARD = gnu99;
				GCC_DYNAMIC_NO_PIC = NO;
				GCC_NO_COMMON_BLOCKS = YES;
				GCC_OPTIMIZATION_LEVEL = 0;
				GCC_PREPROCESSOR_DEFINITIONS = (
					"DEBUG=1",
					"$(inherited)",
				);
				GCC_WARN_64_TO_32_BIT_CONVERSION = YES;
				GCC_WARN_ABOUT_RETURN_TYPE = YES_ERROR;
				GCC_WARN_UNDECLARED_SELECTOR = YES;
				GCC_WARN_UNINITIALIZED_AUTOS = YES_AGGRESSIVE;
				GCC_WARN_UNUSED_FUNCTION = YES;
				GCC_WARN_UNUSED_VARIABLE = YES;
				IPHONEOS_DEPLOYMENT_TARGET = 9.2;
				MTL_ENABLE_DEBUG_INFO = YES;
				ONLY_ACTIVE_ARCH = YES;
				SDKROOT = iphoneos;
			};
			name = Debug;
		};
		26386CD91D5D717D00C8B1B6 /* Release */ = {
			isa = XCBuildConfiguration;
			buildSettings = {
				ALWAYS_SEARCH_USER_PATHS = NO;
				CLANG_CXX_LANGUAGE_STANDARD = "gnu++0x";
				CLANG_CXX_LIBRARY = "libc++";
				CLANG_ENABLE_MODULES = YES;
				CLANG_ENABLE_OBJC_ARC = YES;
				CLANG_WARN_BOOL_CONVERSION = YES;
				CLANG_WARN_CONSTANT_CONVERSION = YES;
				CLANG_WARN_DIRECT_OBJC_ISA_USAGE = YES_ERROR;
				CLANG_WARN_EMPTY_BODY = YES;
				CLANG_WARN_ENUM_CONVERSION = YES;
				CLANG_WARN_INT_CONVERSION = YES;
				CLANG_WARN_OBJC_ROOT_CLASS = YES_ERROR;
				CLANG_WARN_UNREACHABLE_CODE = YES;
				CLANG_WARN__DUPLICATE_METHOD_MATCH = YES;
				"CODE_SIGN_IDENTITY[sdk=iphoneos*]" = "iPhone Developer";
				COPY_PHASE_STRIP = NO;
				DEBUG_INFORMATION_FORMAT = "dwarf-with-dsym";
				ENABLE_NS_ASSERTIONS = NO;
				ENABLE_STRICT_OBJC_MSGSEND = YES;
				GCC_C_LANGUAGE_STANDARD = gnu99;
				GCC_NO_COMMON_BLOCKS = YES;
				GCC_WARN_64_TO_32_BIT_CONVERSION = YES;
				GCC_WARN_ABOUT_RETURN_TYPE = YES_ERROR;
				GCC_WARN_UNDECLARED_SELECTOR = YES;
				GCC_WARN_UNINITIALIZED_AUTOS = YES_AGGRESSIVE;
				GCC_WARN_UNUSED_FUNCTION = YES;
				GCC_WARN_UNUSED_VARIABLE = YES;
				IPHONEOS_DEPLOYMENT_TARGET = 9.2;
				MTL_ENABLE_DEBUG_INFO = NO;
				SDKROOT = iphoneos;
				VALIDATE_PRODUCT = YES;
			};
			name = Release;
		};
		26386CDB1D5D717D00C8B1B6 /* Debug */ = {
			isa = XCBuildConfiguration;
			buildSettings = {
				ASSETCATALOG_COMPILER_APPICON_NAME = AppIcon;
				INFOPLIST_FILE = 3DTouch/Info.plist;
				LD_RUNPATH_SEARCH_PATHS = "$(inherited) @executable_path/Frameworks";
				PRODUCT_BUNDLE_IDENTIFIER = "com.saikr.-DTouch";
				PRODUCT_NAME = "$(TARGET_NAME)";
			};
			name = Debug;
		};
		26386CDC1D5D717D00C8B1B6 /* Release */ = {
			isa = XCBuildConfiguration;
			buildSettings = {
				ASSETCATALOG_COMPILER_APPICON_NAME = AppIcon;
				INFOPLIST_FILE = 3DTouch/Info.plist;
				LD_RUNPATH_SEARCH_PATHS = "$(inherited) @executable_path/Frameworks";
				PRODUCT_BUNDLE_IDENTIFIER = "com.saikr.-DTouch";
				PRODUCT_NAME = "$(TARGET_NAME)";
			};
			name = Release;
		};
		26386CDE1D5D717D00C8B1B6 /* Debug */ = {
			isa = XCBuildConfiguration;
			buildSettings = {
				BUNDLE_LOADER = "$(TEST_HOST)";
				INFOPLIST_FILE = 3DTouchTests/Info.plist;
				LD_RUNPATH_SEARCH_PATHS = "$(inherited) @executable_path/Frameworks @loader_path/Frameworks";
				PRODUCT_BUNDLE_IDENTIFIER = "com.saikr.-DTouchTests";
				PRODUCT_NAME = "$(TARGET_NAME)";
				TEST_HOST = "$(BUILT_PRODUCTS_DIR)/3DTouch.app/3DTouch";
			};
			name = Debug;
		};
		26386CDF1D5D717D00C8B1B6 /* Release */ = {
			isa = XCBuildConfiguration;
			buildSettings = {
				BUNDLE_LOADER = "$(TEST_HOST)";
				INFOPLIST_FILE = 3DTouchTests/Info.plist;
				LD_RUNPATH_SEARCH_PATHS = "$(inherited) @executable_path/Frameworks @loader_path/Frameworks";
				PRODUCT_BUNDLE_IDENTIFIER = "com.saikr.-DTouchTests";
				PRODUCT_NAME = "$(TARGET_NAME)";
				TEST_HOST = "$(BUILT_PRODUCTS_DIR)/3DTouch.app/3DTouch";
			};
			name = Release;
		};
		26386CE11D5D717D00C8B1B6 /* Debug */ = {
			isa = XCBuildConfiguration;
			buildSettings = {
				INFOPLIST_FILE = 3DTouchUITests/Info.plist;
				LD_RUNPATH_SEARCH_PATHS = "$(inherited) @executable_path/Frameworks @loader_path/Frameworks";
				PRODUCT_BUNDLE_IDENTIFIER = "com.saikr.-DTouchUITests";
				PRODUCT_NAME = "$(TARGET_NAME)";
				TEST_TARGET_NAME = 3DTouch;
				USES_XCTRUNNER = YES;
			};
			name = Debug;
		};
		26386CE21D5D717D00C8B1B6 /* Release */ = {
			isa = XCBuildConfiguration;
			buildSettings = {
				INFOPLIST_FILE = 3DTouchUITests/Info.plist;
				LD_RUNPATH_SEARCH_PATHS = "$(inherited) @executable_path/Frameworks @loader_path/Frameworks";
				PRODUCT_BUNDLE_IDENTIFIER = "com.saikr.-DTouchUITests";
				PRODUCT_NAME = "$(TARGET_NAME)";
				TEST_TARGET_NAME = 3DTouch;
				USES_XCTRUNNER = YES;
			};
			name = Release;
		};
/* End XCBuildConfiguration section */

/* Begin XCConfigurationList section */
		26386CA81D5D717C00C8B1B6 /* Build configuration list for PBXProject "3DTouch" */ = {
			isa = XCConfigurationList;
			buildConfigurations = (
				26386CD81D5D717D00C8B1B6 /* Debug */,
				26386CD91D5D717D00C8B1B6 /* Release */,
			);
			defaultConfigurationIsVisible = 0;
			defaultConfigurationName = Release;
		};
		26386CDA1D5D717D00C8B1B6 /* Build configuration list for PBXNativeTarget "3DTouch" */ = {
			isa = XCConfigurationList;
			buildConfigurations = (
				26386CDB1D5D717D00C8B1B6 /* Debug */,
				26386CDC1D5D717D00C8B1B6 /* Release */,
			);
			defaultConfigurationIsVisible = 0;
		};
		26386CDD1D5D717D00C8B1B6 /* Build configuration list for PBXNativeTarget "3DTouchTests" */ = {
			isa = XCConfigurationList;
			buildConfigurations = (
				26386CDE1D5D717D00C8B1B6 /* Debug */,
				26386CDF1D5D717D00C8B1B6 /* Release */,
			);
			defaultConfigurationIsVisible = 0;
		};
		26386CE01D5D717D00C8B1B6 /* Build configuration list for PBXNativeTarget "3DTouchUITests" */ = {
			isa = XCConfigurationList;
			buildConfigurations = (
				26386CE11D5D717D00C8B1B6 /* Debug */,
				26386CE21D5D717D00C8B1B6 /* Release */,
			);
			defaultConfigurationIsVisible = 0;
		};
/* End XCConfigurationList section */
	};
	rootObject = 26386CA51D5D717C00C8B1B6 /* Project object */;
}
